
Microsoft Visual Studio Solution File, Format Version 12.00
Project("{FAE04EC0-301F-11D3-BF4B-00C04F79EFBC}") = "Spackle", "Spackle\Spackle.csproj", "{E7DF3DD4-4BF0-47CC-9847-C030EFEE636B}"
EndProject
Project("{FAE04EC0-301F-11D3-BF4B-00C04F79EFBC}") = "Models", "Models\Models.csproj", "{AA898AC2-DBB3-4F57-A874-5627B5887875}"
EndProject
Project("{FAE04EC0-301F-11D3-BF4B-00C04F79EFBC}") = "Scraper", "Scraper\Scraper.csproj", "{CBF67B06-D092-4572-95EE-BCA05742153F}"
EndProject
Project("{FAE04EC0-301F-11D3-BF4B-00C04F79EFBC}") = "Test", "Test\Test.csproj", "{AFC96F3C-295D-49AC-8FE1-9F936E2F9AA2}"
EndProject
Global
	GlobalSection(SolutionConfigurationPlatforms) = preSolution
		Debug|Any CPU = Debug|Any CPU
		Release|Any CPU = Release|Any CPU
	EndGlobalSection
	GlobalSection(ProjectConfigurationPlatforms) = postSolution
		{E7DF3DD4-4BF0-47CC-9847-C030EFEE636B}.Debug|Any CPU.ActiveCfg = Debug|Any CPU
		{E7DF3DD4-4BF0-47CC-9847-C030EFEE636B}.Debug|Any CPU.Build.0 = Debug|Any CPU
		{E7DF3DD4-4BF0-47CC-9847-C030EFEE636B}.Release|Any CPU.ActiveCfg = Release|Any CPU
		{E7DF3DD4-4BF0-47CC-9847-C030EFEE636B}.Release|Any CPU.Build.0 = Release|Any CPU
		{AA898AC2-DBB3-4F57-A874-5627B5887875}.Debug|Any CPU.ActiveCfg = Debug|Any CPU
		{AA898AC2-DBB3-4F57-A874-5627B5887875}.Debug|Any CPU.Build.0 = Debug|Any CPU
		{AA898AC2-DBB3-4F57-A874-5627B5887875}.Release|Any CPU.ActiveCfg = Release|Any CPU
		{AA898AC2-DBB3-4F57-A874-5627B5887875}.Release|Any CPU.Build.0 = Release|Any CPU
		{CBF67B06-D092-4572-95EE-BCA05742153F}.Debug|Any CPU.ActiveCfg = Debug|Any CPU
		{CBF67B06-D092-4572-95EE-BCA05742153F}.Debug|Any CPU.Build.0 = Debug|Any CPU
		{CBF67B06-D092-4572-95EE-BCA05742153F}.Release|Any CPU.ActiveCfg = Release|Any CPU
		{CBF67B06-D092-4572-95EE-BCA05742153F}.Release|Any CPU.Build.0 = Release|Any CPU
		{AFC96F3C-295D-49AC-8FE1-9F936E2F9AA2}.Debug|Any CPU.ActiveCfg = Debug|Any CPU
		{AFC96F3C-295D-49AC-8FE1-9F936E2F9AA2}.Debug|Any CPU.Build.0 = Debug|Any CPU
		{AFC96F3C-295D-49AC-8FE1-9F936E2F9AA2}.Release|Any CPU.ActiveCfg = Release|Any CPU
		{AFC96F3C-295D-49AC-8FE1-9F936E2F9AA2}.Release|Any CPU.Build.0 = Release|Any CPU
	EndGlobalSection
EndGlobal
